# THIS IS AN AUTOGENERATED FILE. DO NOT EDIT THIS FILE DIRECTLY.
# yarn lockfile v1


"@types/tinycolor2@^1.4.0":
  version "1.4.3"
  resolved "https://registry.npmjs.org/@types/tinycolor2/-/tinycolor2-1.4.3.tgz"

ansi-escapes@^4.2.1:
  version "4.3.2"
  resolved "https://registry.npmjs.org/ansi-escapes/-/ansi-escapes-4.3.2.tgz"
  dependencies:
    type-fest "^0.21.3"

ansi-regex@^5.0.1:
  version "5.0.1"
  resolved "https://registry.npmjs.org/ansi-regex/-/ansi-regex-5.0.1.tgz"

ansi-styles@^3.2.1:
  version "3.2.1"
  resolved "https://registry.npmjs.org/ansi-styles/-/ansi-styles-3.2.1.tgz"
  dependencies:
    color-convert "^1.9.0"

ansi-styles@^4.1.0:
  version "4.3.0"
  resolved "https://registry.npmjs.org/ansi-styles/-/ansi-styles-4.3.0.tgz"
  dependencies:
    color-convert "^2.0.1"

array-find-index@^1.0.1:
  version "1.0.2"
  resolved "https://registry.npmjs.org/array-find-index/-/array-find-index-1.0.2.tgz"

arrify@^1.0.1:
  version "1.0.1"
  resolved "https://registry.npmjs.org/arrify/-/arrify-1.0.1.tgz"

base64-js@^1.3.1:
  version "1.5.1"
  resolved "https://registry.npmjs.org/base64-js/-/base64-js-1.5.1.tgz"

bl@^4.1.0:
  version "4.1.0"
  resolved "https://registry.npmjs.org/bl/-/bl-4.1.0.tgz"
  dependencies:
    buffer "^5.5.0"
    inherits "^2.0.4"
    readable-stream "^3.4.0"

buffer@^5.5.0:
  version "5.7.1"
  resolved "https://registry.npmjs.org/buffer/-/buffer-5.7.1.tgz"
  dependencies:
    base64-js "^1.3.1"
    ieee754 "^1.1.13"

camelcase-keys@^4.0.0:
  version "4.2.0"
  resolved "https://registry.npmjs.org/camelcase-keys/-/camelcase-keys-4.2.0.tgz"
  dependencies:
    camelcase "^4.1.0"
    map-obj "^2.0.0"
    quick-lru "^1.0.0"

camelcase@^4.1.0:
  version "4.1.0"
  resolved "https://registry.npmjs.org/camelcase/-/camelcase-4.1.0.tgz"

chalk-animation@^1.6.0:
  version "1.6.0"
  resolved "https://registry.npmjs.org/chalk-animation/-/chalk-animation-1.6.0.tgz"
  dependencies:
    chalk "^2.3.2"
    gradient-string "^1.1.0"
    meow "^4.0.0"

chalk@^2.3.2, chalk@^2.4.1:
  version "2.4.2"
  resolved "https://registry.npmjs.org/chalk/-/chalk-2.4.2.tgz"
  dependencies:
    ansi-styles "^3.2.1"
    escape-string-regexp "^1.0.5"
    supports-color "^5.3.0"

chalk@^4.1.0, chalk@^4.1.1, chalk@^4.1.2:
  version "4.1.2"
  resolved "https://registry.npmjs.org/chalk/-/chalk-4.1.2.tgz"
  dependencies:
    ansi-styles "^4.1.0"
    supports-color "^7.1.0"

chalk@^5.0.0:
  version "5.0.0"
  resolved "https://registry.npmjs.org/chalk/-/chalk-5.0.0.tgz"

change-package-name@^1.0.5:
  version "1.0.5"
  resolved "https://registry.npmjs.org/change-package-name/-/change-package-name-1.0.5.tgz"

chardet@^0.7.0:
  version "0.7.0"
  resolved "https://registry.npmjs.org/chardet/-/chardet-0.7.0.tgz"

cli-cursor@^3.1.0:
  version "3.1.0"
  resolved "https://registry.npmjs.org/cli-cursor/-/cli-cursor-3.1.0.tgz"
  dependencies:
    restore-cursor "^3.1.0"

cli-spinners@^2.5.0:
  version "2.6.1"
  resolved "https://registry.npmjs.org/cli-spinners/-/cli-spinners-2.6.1.tgz"

cli-width@^3.0.0:
  version "3.0.0"
  resolved "https://registry.npmjs.org/cli-width/-/cli-width-3.0.0.tgz"

clone@^1.0.2:
  version "1.0.4"
  resolved "https://registry.npmjs.org/clone/-/clone-1.0.4.tgz"

color-convert@^1.9.0:
  version "1.9.3"
  resolved "https://registry.npmjs.org/color-convert/-/color-convert-1.9.3.tgz"
  dependencies:
    color-name "1.1.3"

color-convert@^2.0.1:
  version "2.0.1"
  resolved "https://registry.npmjs.org/color-convert/-/color-convert-2.0.1.tgz"
  dependencies:
    color-name "~1.1.4"

color-name@1.1.3:
  version "1.1.3"
  resolved "https://registry.npmjs.org/color-name/-/color-name-1.1.3.tgz"

color-name@~1.1.4:
  version "1.1.4"
  resolved "https://registry.npmjs.org/color-name/-/color-name-1.1.4.tgz"

currently-unhandled@^0.4.1:
  version "0.4.1"
  resolved "https://registry.npmjs.org/currently-unhandled/-/currently-unhandled-0.4.1.tgz"
  dependencies:
    array-find-index "^1.0.1"

decamelize-keys@^1.0.0:
  version "1.1.0"
  resolved "https://registry.npmjs.org/decamelize-keys/-/decamelize-keys-1.1.0.tgz"
  dependencies:
    decamelize "^1.1.0"
    map-obj "^1.0.0"

decamelize@^1.1.0:
  version "1.2.0"
  resolved "https://registry.npmjs.org/decamelize/-/decamelize-1.2.0.tgz"

defaults@^1.0.3:
  version "1.0.3"
  resolved "https://registry.npmjs.org/defaults/-/defaults-1.0.3.tgz"
  dependencies:
    clone "^1.0.2"

emoji-regex@^8.0.0:
  version "8.0.0"
  resolved "https://registry.npmjs.org/emoji-regex/-/emoji-regex-8.0.0.tgz"

error-ex@^1.3.1:
  version "1.3.2"
  resolved "https://registry.npmjs.org/error-ex/-/error-ex-1.3.2.tgz"
  dependencies:
    is-arrayish "^0.2.1"

escape-string-regexp@^1.0.5:
  version "1.0.5"
  resolved "https://registry.npmjs.org/escape-string-regexp/-/escape-string-regexp-1.0.5.tgz"

external-editor@^3.0.3:
  version "3.1.0"
  resolved "https://registry.npmjs.org/external-editor/-/external-editor-3.1.0.tgz"
  dependencies:
    chardet "^0.7.0"
    iconv-lite "^0.4.24"
    tmp "^0.0.33"

figlet@^1.5.2:
  version "1.5.2"
  resolved "https://registry.npmjs.org/figlet/-/figlet-1.5.2.tgz"

figures@^3.0.0:
  version "3.2.0"
  resolved "https://registry.npmjs.org/figures/-/figures-3.2.0.tgz"
  dependencies:
    escape-string-regexp "^1.0.5"

find-up@^2.0.0:
  version "2.1.0"
  resolved "https://registry.npmjs.org/find-up/-/find-up-2.1.0.tgz"
  dependencies:
    locate-path "^2.0.0"

function-bind@^1.1.1:
  version "1.1.1"
  resolved "https://registry.npmjs.org/function-bind/-/function-bind-1.1.1.tgz"

graceful-fs@^4.1.2:
  version "4.2.9"
  resolved "https://registry.npmjs.org/graceful-fs/-/graceful-fs-4.2.9.tgz"

gradient-string@^1.1.0:
  version "1.2.0"
  resolved "https://registry.npmjs.org/gradient-string/-/gradient-string-1.2.0.tgz"
  dependencies:
    chalk "^2.4.1"
    tinygradient "^0.4.1"

gradient-string@^2.0.0:
  version "2.0.0"
  resolved "https://registry.npmjs.org/gradient-string/-/gradient-string-2.0.0.tgz"
  dependencies:
    chalk "^4.1.2"
    tinygradient "^1.1.5"

has-flag@^3.0.0:
  version "3.0.0"
  resolved "https://registry.npmjs.org/has-flag/-/has-flag-3.0.0.tgz"

has-flag@^4.0.0:
  version "4.0.0"
  resolved "https://registry.npmjs.org/has-flag/-/has-flag-4.0.0.tgz"

has@^1.0.3:
  version "1.0.3"
  resolved "https://registry.npmjs.org/has/-/has-1.0.3.tgz"
  dependencies:
    function-bind "^1.1.1"

hosted-git-info@^2.1.4:
  version "2.8.9"
  resolved "https://registry.npmjs.org/hosted-git-info/-/hosted-git-info-2.8.9.tgz"

iconv-lite@^0.4.24:
  version "0.4.24"
  resolved "https://registry.npmjs.org/iconv-lite/-/iconv-lite-0.4.24.tgz"
  dependencies:
    safer-buffer ">= 2.1.2 < 3"

ieee754@^1.1.13:
  version "1.2.1"
  resolved "https://registry.npmjs.org/ieee754/-/ieee754-1.2.1.tgz"

indent-string@^3.0.0:
  version "3.2.0"
  resolved "https://registry.npmjs.org/indent-string/-/indent-string-3.2.0.tgz"

inherits@^2.0.3, inherits@^2.0.4:
  version "2.0.4"
  resolved "https://registry.npmjs.org/inherits/-/inherits-2.0.4.tgz"

inquirer@^8.2.0:
  version "8.2.0"
  resolved "https://registry.npmjs.org/inquirer/-/inquirer-8.2.0.tgz"
  dependencies:
    ansi-escapes "^4.2.1"
    chalk "^4.1.1"
    cli-cursor "^3.1.0"
    cli-width "^3.0.0"
    external-editor "^3.0.3"
    figures "^3.0.0"
    lodash "^4.17.21"
    mute-stream "0.0.8"
    ora "^5.4.1"
    run-async "^2.4.0"
    rxjs "^7.2.0"
    string-width "^4.1.0"
    strip-ansi "^6.0.0"
    through "^2.3.6"

is-arrayish@^0.2.1:
  version "0.2.1"
  resolved "https://registry.npmjs.org/is-arrayish/-/is-arrayish-0.2.1.tgz"

is-core-module@^2.8.1:
  version "2.8.1"
  resolved "https://registry.npmjs.org/is-core-module/-/is-core-module-2.8.1.tgz"
  dependencies:
    has "^1.0.3"

is-fullwidth-code-point@^3.0.0:
  version "3.0.0"
  resolved "https://registry.npmjs.org/is-fullwidth-code-point/-/is-fullwidth-code-point-3.0.0.tgz"

is-interactive@^1.0.0:
  version "1.0.0"
  resolved "https://registry.npmjs.org/is-interactive/-/is-interactive-1.0.0.tgz"

is-plain-obj@^1.1.0:
  version "1.1.0"
  resolved "https://registry.npmjs.org/is-plain-obj/-/is-plain-obj-1.1.0.tgz"

is-unicode-supported@^0.1.0:
  version "0.1.0"
  resolved "https://registry.npmjs.org/is-unicode-supported/-/is-unicode-supported-0.1.0.tgz"

json-parse-better-errors@^1.0.1:
  version "1.0.2"
  resolved "https://registry.npmjs.org/json-parse-better-errors/-/json-parse-better-errors-1.0.2.tgz"

load-json-file@^4.0.0:
  version "4.0.0"
  resolved "https://registry.npmjs.org/load-json-file/-/load-json-file-4.0.0.tgz"
  dependencies:
    graceful-fs "^4.1.2"
    parse-json "^4.0.0"
    pify "^3.0.0"
    strip-bom "^3.0.0"

locate-path@^2.0.0:
  version "2.0.0"
  resolved "https://registry.npmjs.org/locate-path/-/locate-path-2.0.0.tgz"
  dependencies:
    p-locate "^2.0.0"
    path-exists "^3.0.0"

lodash@^4.17.21:
  version "4.17.21"
  resolved "https://registry.npmjs.org/lodash/-/lodash-4.17.21.tgz"

log-symbols@^4.1.0:
  version "4.1.0"
  resolved "https://registry.npmjs.org/log-symbols/-/log-symbols-4.1.0.tgz"
  dependencies:
    chalk "^4.1.0"
    is-unicode-supported "^0.1.0"

loud-rejection@^1.0.0:
  version "1.6.0"
  resolved "https://registry.npmjs.org/loud-rejection/-/loud-rejection-1.6.0.tgz"
  dependencies:
    currently-unhandled "^0.4.1"
    signal-exit "^3.0.0"

map-obj@^1.0.0:
  version "1.0.1"
  resolved "https://registry.npmjs.org/map-obj/-/map-obj-1.0.1.tgz"

map-obj@^2.0.0:
  version "2.0.0"
  resolved "https://registry.npmjs.org/map-obj/-/map-obj-2.0.0.tgz"

meow@^4.0.0:
  version "4.0.1"
  resolved "https://registry.npmjs.org/meow/-/meow-4.0.1.tgz"
  dependencies:
    camelcase-keys "^4.0.0"
    decamelize-keys "^1.0.0"
    loud-rejection "^1.0.0"
    minimist "^1.1.3"
    minimist-options "^3.0.1"
    normalize-package-data "^2.3.4"
    read-pkg-up "^3.0.0"
    redent "^2.0.0"
    trim-newlines "^2.0.0"

mimic-fn@^2.1.0:
  version "2.1.0"
  resolved "https://registry.npmjs.org/mimic-fn/-/mimic-fn-2.1.0.tgz"

minimist-options@^3.0.1:
  version "3.0.2"
  resolved "https://registry.npmjs.org/minimist-options/-/minimist-options-3.0.2.tgz"
  dependencies:
    arrify "^1.0.1"
    is-plain-obj "^1.1.0"

minimist@^1.1.3:
  version "1.2.6"
  resolved "https://registry.yarnpkg.com/minimist/-/minimist-1.2.6.tgz#8637a5b759ea0d6e98702cfb3a9283323c93af44"

mute-stream@0.0.8:
  version "0.0.8"
  resolved "https://registry.npmjs.org/mute-stream/-/mute-stream-0.0.8.tgz"

nanospinner@^1.0.0:
  version "1.0.0"
  resolved "https://registry.npmjs.org/nanospinner/-/nanospinner-1.0.0.tgz"
  dependencies:
    picocolors "^1.0.0"

normalize-package-data@^2.3.2, normalize-package-data@^2.3.4:
  version "2.5.0"
  resolved "https://registry.npmjs.org/normalize-package-data/-/normalize-package-data-2.5.0.tgz"
  dependencies:
    hosted-git-info "^2.1.4"
    resolve "^1.10.0"
    semver "2 || 3 || 4 || 5"
    validate-npm-package-license "^3.0.1"

onetime@^5.1.0:
  version "5.1.2"
  resolved "https://registry.npmjs.org/onetime/-/onetime-5.1.2.tgz"
  dependencies:
    mimic-fn "^2.1.0"

ora@^5.4.1:
  version "5.4.1"
  resolved "https://registry.npmjs.org/ora/-/ora-5.4.1.tgz"
  dependencies:
    bl "^4.1.0"
    chalk "^4.1.0"
    cli-cursor "^3.1.0"
    cli-spinners "^2.5.0"
    is-interactive "^1.0.0"
    is-unicode-supported "^0.1.0"
    log-symbols "^4.1.0"
    strip-ansi "^6.0.0"
    wcwidth "^1.0.1"

os-tmpdir@~1.0.2:
  version "1.0.2"
  resolved "https://registry.npmjs.org/os-tmpdir/-/os-tmpdir-1.0.2.tgz"

p-limit@^1.1.0:
  version "1.3.0"
  resolved "https://registry.npmjs.org/p-limit/-/p-limit-1.3.0.tgz"
  dependencies:
    p-try "^1.0.0"

p-locate@^2.0.0:
  version "2.0.0"
  resolved "https://registry.npmjs.org/p-locate/-/p-locate-2.0.0.tgz"
  dependencies:
    p-limit "^1.1.0"

p-try@^1.0.0:
  version "1.0.0"
  resolved "https://registry.npmjs.org/p-try/-/p-try-1.0.0.tgz"

parse-json@^4.0.0:
  version "4.0.0"
  resolved "https://registry.npmjs.org/parse-json/-/parse-json-4.0.0.tgz"
  dependencies:
    error-ex "^1.3.1"
    json-parse-better-errors "^1.0.1"

path-exists@^3.0.0:
  version "3.0.0"
  resolved "https://registry.npmjs.org/path-exists/-/path-exists-3.0.0.tgz"

path-parse@^1.0.7:
  version "1.0.7"
  resolved "https://registry.npmjs.org/path-parse/-/path-parse-1.0.7.tgz"

path-type@^3.0.0:
  version "3.0.0"
  resolved "https://registry.npmjs.org/path-type/-/path-type-3.0.0.tgz"
  dependencies:
    pify "^3.0.0"

picocolors@^1.0.0:
  version "1.0.0"
  resolved "https://registry.npmjs.org/picocolors/-/picocolors-1.0.0.tgz"

pify@^3.0.0:
  version "3.0.0"
  resolved "https://registry.npmjs.org/pify/-/pify-3.0.0.tgz"

quick-lru@^1.0.0:
  version "1.1.0"
  resolved "https://registry.npmjs.org/quick-lru/-/quick-lru-1.1.0.tgz"

read-pkg-up@^3.0.0:
  version "3.0.0"
  resolved "https://registry.npmjs.org/read-pkg-up/-/read-pkg-up-3.0.0.tgz"
  dependencies:
    find-up "^2.0.0"
    read-pkg "^3.0.0"

read-pkg@^3.0.0:
  version "3.0.0"
  resolved "https://registry.npmjs.org/read-pkg/-/read-pkg-3.0.0.tgz"
  dependencies:
    load-json-file "^4.0.0"
    normalize-package-data "^2.3.2"
    path-type "^3.0.0"

readable-stream@^3.4.0:
  version "3.6.0"
  resolved "https://registry.npmjs.org/readable-stream/-/readable-stream-3.6.0.tgz"
  dependencies:
    inherits "^2.0.3"
    string_decoder "^1.1.1"
    util-deprecate "^1.0.1"

redent@^2.0.0:
  version "2.0.0"
  resolved "https://registry.npmjs.org/redent/-/redent-2.0.0.tgz"
  dependencies:
    indent-string "^3.0.0"
    strip-indent "^2.0.0"

resolve@^1.10.0:
  version "1.22.0"
  resolved "https://registry.npmjs.org/resolve/-/resolve-1.22.0.tgz"
  dependencies:
    is-core-module "^2.8.1"
    path-parse "^1.0.7"
    supports-preserve-symlinks-flag "^1.0.0"

restore-cursor@^3.1.0:
  version "3.1.0"
  resolved "https://registry.npmjs.org/restore-cursor/-/restore-cursor-3.1.0.tgz"
  dependencies:
    onetime "^5.1.0"
    signal-exit "^3.0.2"

run-async@^2.4.0:
  version "2.4.1"
  resolved "https://registry.npmjs.org/run-async/-/run-async-2.4.1.tgz"

rxjs@^7.2.0:
  version "7.5.4"
  resolved "https://registry.npmjs.org/rxjs/-/rxjs-7.5.4.tgz"
  dependencies:
    tslib "^2.1.0"

safe-buffer@~5.2.0:
  version "5.2.1"
  resolved "https://registry.npmjs.org/safe-buffer/-/safe-buffer-5.2.1.tgz"

"safer-buffer@>= 2.1.2 < 3":
  version "2.1.2"
  resolved "https://registry.npmjs.org/safer-buffer/-/safer-buffer-2.1.2.tgz"

"semver@2 || 3 || 4 || 5":
  version "5.7.1"
  resolved "https://registry.npmjs.org/semver/-/semver-5.7.1.tgz"

signal-exit@^3.0.0, signal-exit@^3.0.2:
  version "3.0.7"
  resolved "https://registry.npmjs.org/signal-exit/-/signal-exit-3.0.7.tgz"

spdx-correct@^3.0.0:
  version "3.1.1"
  resolved "https://registry.npmjs.org/spdx-correct/-/spdx-correct-3.1.1.tgz"
  dependencies:
    spdx-expression-parse "^3.0.0"
    spdx-license-ids "^3.0.0"

spdx-exceptions@^2.1.0:
  version "2.3.0"
  resolved "https://registry.npmjs.org/spdx-exceptions/-/spdx-exceptions-2.3.0.tgz"

spdx-expression-parse@^3.0.0:
  version "3.0.1"
  resolved "https://registry.npmjs.org/spdx-expression-parse/-/spdx-expression-parse-3.0.1.tgz"
  dependencies:
    spdx-exceptions "^2.1.0"
    spdx-license-ids "^3.0.0"

spdx-license-ids@^3.0.0:
  version "3.0.11"
  resolved "https://registry.npmjs.org/spdx-license-ids/-/spdx-license-ids-3.0.11.tgz"

string-width@^4.1.0:
  version "4.2.3"
  resolved "https://registry.npmjs.org/string-width/-/string-width-4.2.3.tgz"
  dependencies:
    emoji-regex "^8.0.0"
    is-fullwidth-code-point "^3.0.0"
    strip-ansi "^6.0.1"

string_decoder@^1.1.1:
  version "1.3.0"
  resolved "https://registry.npmjs.org/string_decoder/-/string_decoder-1.3.0.tgz"
  dependencies:
    safe-buffer "~5.2.0"

strip-ansi@^6.0.0, strip-ansi@^6.0.1:
  version "6.0.1"
  resolved "https://registry.npmjs.org/strip-ansi/-/strip-ansi-6.0.1.tgz"
  dependencies:
    ansi-regex "^5.0.1"

strip-bom@^3.0.0:
  version "3.0.0"
  resolved "https://registry.npmjs.org/strip-bom/-/strip-bom-3.0.0.tgz"

strip-indent@^2.0.0:
  version "2.0.0"
  resolved "https://registry.npmjs.org/strip-indent/-/strip-indent-2.0.0.tgz"

supports-color@^5.3.0:
  version "5.5.0"
  resolved "https://registry.npmjs.org/supports-color/-/supports-color-5.5.0.tgz"
  dependencies:
    has-flag "^3.0.0"

supports-color@^7.1.0:
  version "7.2.0"
  resolved "https://registry.npmjs.org/supports-color/-/supports-color-7.2.0.tgz"
  dependencies:
    has-flag "^4.0.0"

supports-preserve-symlinks-flag@^1.0.0:
  version "1.0.0"
  resolved "https://registry.npmjs.org/supports-preserve-symlinks-flag/-/supports-preserve-symlinks-flag-1.0.0.tgz"

through@^2.3.6:
  version "2.3.8"
  resolved "https://registry.npmjs.org/through/-/through-2.3.8.tgz"

tinycolor2@^1.0.0:
  version "1.4.2"
  resolved "https://registry.npmjs.org/tinycolor2/-/tinycolor2-1.4.2.tgz"

tinygradient@^0.4.1:
  version "0.4.3"
  resolved "https://registry.npmjs.org/tinygradient/-/tinygradient-0.4.3.tgz"
  dependencies:
    "@types/tinycolor2" "^1.4.0"
    tinycolor2 "^1.0.0"

tinygradient@^1.1.5:
  version "1.1.5"
  resolved "https://registry.npmjs.org/tinygradient/-/tinygradient-1.1.5.tgz"
  dependencies:
    "@types/tinycolor2" "^1.4.0"
    tinycolor2 "^1.0.0"

tmp@^0.0.33:
  version "0.0.33"
  resolved "https://registry.npmjs.org/tmp/-/tmp-0.0.33.tgz"
  dependencies:
    os-tmpdir "~1.0.2"

trim-newlines@^2.0.0:
  version "2.0.0"
  resolved "https://registry.npmjs.org/trim-newlines/-/trim-newlines-2.0.0.tgz"

tslib@^2.1.0:
  version "2.3.1"
  resolved "https://registry.npmjs.org/tslib/-/tslib-2.3.1.tgz"

type-fest@^0.21.3:
  version "0.21.3"
  resolved "https://registry.npmjs.org/type-fest/-/type-fest-0.21.3.tgz"

util-deprecate@^1.0.1:
  version "1.0.2"
  resolved "https://registry.npmjs.org/util-deprecate/-/util-deprecate-1.0.2.tgz"

validate-npm-package-license@^3.0.1:
  version "3.0.4"
  resolved "https://registry.npmjs.org/validate-npm-package-license/-/validate-npm-package-license-3.0.4.tgz"
  dependencies:
    spdx-correct "^3.0.0"
    spdx-expression-parse "^3.0.0"

wcwidth@^1.0.1:
  version "1.0.1"
  resolved "https://registry.npmjs.org/wcwidth/-/wcwidth-1.0.1.tgz"
  dependencies:
    defaults "^1.0.3"
